// !$*UTF8*$!
{
	archiveVersion = 1;
	classes = {
	};
	objectVersion = 50;
	objects = {

/* Begin PBXBuildFile section */
		FA14FDDC26B57477000EC3BB /* AppDelegate.swift in Sources */ = {isa = PBXBuildFile; fileRef = FA14FDDB26B57477000EC3BB /* AppDelegate.swift */; };
		FA14FDDE26B57477000EC3BB /* SceneDelegate.swift in Sources */ = {isa = PBXBuildFile; fileRef = FA14FDDD26B57477000EC3BB /* SceneDelegate.swift */; };
		FA14FDE026B57477000EC3BB /* ViewController.swift in Sources */ = {isa = PBXBuildFile; fileRef = FA14FDDF26B57477000EC3BB /* ViewController.swift */; };
		FA14FDE326B57477000EC3BB /* Main.storyboard in Resources */ = {isa = PBXBuildFile; fileRef = FA14FDE126B57477000EC3BB /* Main.storyboard */; };
		FA14FDE526B57478000EC3BB /* Assets.xcassets in Resources */ = {isa = PBXBuildFile; fileRef = FA14FDE426B57478000EC3BB /* Assets.xcassets */; };
		FA14FDE826B57478000EC3BB /* LaunchScreen.storyboard in Resources */ = {isa = PBXBuildFile; fileRef = FA14FDE626B57478000EC3BB /* LaunchScreen.storyboard */; };
		FA14FDF026B574A1000EC3BB /* CoinManager.swift in Sources */ = {isa = PBXBuildFile; fileRef = FA14FDEF26B574A1000EC3BB /* CoinManager.swift */; };
		FA14FDF326B574D4000EC3BB /* APIData.swift in Sources */ = {isa = PBXBuildFile; fileRef = FA14FDF226B574D4000EC3BB /* APIData.swift */; };
		FA14FDF526B574F8000EC3BB /* APIModel.swift in Sources */ = {isa = PBXBuildFile; fileRef = FA14FDF426B574F8000EC3BB /* APIModel.swift */; };
		FAF64E4926B5839100206F2C /* APIKey.swift in Sources */ = {isa = PBXBuildFile; fileRef = FAF64E4826B5839100206F2C /* APIKey.swift */; };
/* End PBXBuildFile section */

/* Begin PBXFileReference section */
		FA14FDD826B57477000EC3BB /* CryptoCoin.app */ = {isa = PBXFileReference; explicitFileType = wrapper.application; includeInIndex = 0; path = CryptoCoin.app; sourceTree = BUILT_PRODUCTS_DIR; };
		FA14FDDB26B57477000EC3BB /* AppDelegate.swift */ = {isa = PBXFileReference; lastKnownFileType = sourcecode.swift; path = AppDelegate.swift; sourceTree = "<group>"; };
		FA14FDDD26B57477000EC3BB /* SceneDelegate.swift */ = {isa = PBXFileReference; lastKnownFileType = sourcecode.swift; path = SceneDelegate.swift; sourceTree = "<group>"; };
		FA14FDDF26B57477000EC3BB /* ViewController.swift */ = {isa = PBXFileReference; lastKnownFileType = sourcecode.swift; path = ViewController.swift; sourceTree = "<group>"; };
		FA14FDE226B57477000EC3BB /* Base */ = {isa = PBXFileReference; lastKnownFileType = file.storyboard; name = Base; path = Base.lproj/Main.storyboard; sourceTree = "<group>"; };
		FA14FDE426B57478000EC3BB /* Assets.xcassets */ = {isa = PBXFileReference; lastKnownFileType = folder.assetcatalog; path = Assets.xcassets; sourceTree = "<group>"; };
		FA14FDE726B57478000EC3BB /* Base */ = {isa = PBXFileReference; lastKnownFileType = file.storyboard; name = Base; path = Base.lproj/LaunchScreen.storyboard; sourceTree = "<group>"; };
		FA14FDE926B57478000EC3BB /* Info.plist */ = {isa = PBXFileReference; lastKnownFileType = text.plist.xml; path = Info.plist; sourceTree = "<group>"; };
		FA14FDEF26B574A1000EC3BB /* CoinManager.swift */ = {isa = PBXFileReference; lastKnownFileType = sourcecode.swift; path = CoinManager.swift; sourceTree = "<group>"; };
		FA14FDF226B574D4000EC3BB /* APIData.swift */ = {isa = PBXFileReference; lastKnownFileType = sourcecode.swift; path = APIData.swift; sourceTree = "<group>"; };
		FA14FDF426B574F8000EC3BB /* APIModel.swift */ = {isa = PBXFileReference; lastKnownFileType = sourcecode.swift; path = APIModel.swift; sourceTree = "<group>"; };
		FAF64E4826B5839100206F2C /* APIKey.swift */ = {isa = PBXFileReference; lastKnownFileType = sourcecode.swift; path = APIKey.swift; sourceTree = "<group>"; };
/* End PBXFileReference section */

/* Begin PBXFrameworksBuildPhase section */
		FA14FDD526B57477000EC3BB /* Frameworks */ = {
			isa = PBXFrameworksBuildPhase;
			buildActionMask = 2147483647;
			files = (
			);
			runOnlyForDeploymentPostprocessing = 0;
		};
/* End PBXFrameworksBuildPhase section */

/* Begin PBXGroup section */
		FA14FDCF26B57477000EC3BB = {
			isa = PBXGroup;
			children = (
				FA14FDDA26B57477000EC3BB /* CryptoCoin */,
				FA14FDD926B57477000EC3BB /* Products */,
			);
			sourceTree = "<group>";
		};
		FA14FDD926B57477000EC3BB /* Products */ = {
			isa = PBXGroup;
			children = (
				FA14FDD826B57477000EC3BB /* CryptoCoin.app */,
			);
			name = Products;
			sourceTree = "<group>";
		};
		FA14FDDA26B57477000EC3BB /* CryptoCoin */ = {
			isa = PBXGroup;
			children = (
				FA14FDDB26B57477000EC3BB /* AppDelegate.swift */,
				FA14FDDD26B57477000EC3BB /* SceneDelegate.swift */,
				FA14FDF826B57542000EC3BB /* ViewController */,
				FA14FDF126B574C8000EC3BB /* Model */,
				FA14FDE126B57477000EC3BB /* Main.storyboard */,
				FA14FDE426B57478000EC3BB /* Assets.xcassets */,
				FA14FDE626B57478000EC3BB /* LaunchScreen.storyboard */,
				FA14FDE926B57478000EC3BB /* Info.plist */,
			);
			path = CryptoCoin;
			sourceTree = "<group>";
		};
		FA14FDF126B574C8000EC3BB /* Model */ = {
			isa = PBXGroup;
			children = (
				FA14FDEF26B574A1000EC3BB /* CoinManager.swift */,
				FA14FDF226B574D4000EC3BB /* APIData.swift */,
				FA14FDF426B574F8000EC3BB /* APIModel.swift */,
				FAF64E4826B5839100206F2C /* APIKey.swift */,
			);
			path = Model;
			sourceTree = "<group>";
		};
		FA14FDF826B57542000EC3BB /* ViewController */ = {
			isa = PBXGroup;
			children = (
				FA14FDDF26B57477000EC3BB /* ViewController.swift */,
			);
			path = ViewController;
			sourceTree = "<group>";
		};
/* End PBXGroup section */

/* Begin PBXNativeTarget section */
		FA14FDD726B57477000EC3BB /* CryptoCoin */ = {
			isa = PBXNativeTarget;
			buildConfigurationList = FA14FDEC26B57478000EC3BB /* Build configuration list for PBXNativeTarget "CryptoCoin" */;
			buildPhases = (
				FA14FDD426B57477000EC3BB /* Sources */,
				FA14FDD526B57477000EC3BB /* Frameworks */,
				FA14FDD626B57477000EC3BB /* Resources */,
			);
			buildRules = (
			);
			dependencies = (
			);
			name = CryptoCoin;
			productName = CryptoCoin;
			productReference = FA14FDD826B57477000EC3BB /* CryptoCoin.app */;
			productType = "com.apple.product-type.application";
		};
/* End PBXNativeTarget section */

/* Begin PBXProject section */
		FA14FDD026B57477000EC3BB /* Project object */ = {
			isa = PBXProject;
			attributes = {
				LastSwiftUpdateCheck = 1250;
				LastUpgradeCheck = 1250;
				TargetAttributes = {
					FA14FDD726B57477000EC3BB = {
						CreatedOnToolsVersion = 12.5.1;
					};
				};
			};
			buildConfigurationList = FA14FDD326B57477000EC3BB /* Build configuration list for PBXProject "CryptoCoin" */;
			compatibilityVersion = "Xcode 9.3";
			developmentRegion = en;
			hasScannedForEncodings = 0;
			knownRegions = (
				en,
				Base,
			);
			mainGroup = FA14FDCF26B57477000EC3BB;
			productRefGroup = FA14FDD926B57477000EC3BB /* Products */;
			projectDirPath = "";
			projectRoot = "";
			targets = (
				FA14FDD726B57477000EC3BB /* CryptoCoin */,
			);
		};
/* End PBXProject section */

/* Begin PBXResourcesBuildPhase section */
		FA14FDD626B57477000EC3BB /* Resources */ = {
			isa = PBXResourcesBuildPhase;
			buildActionMask = 2147483647;
			files = (
				FA14FDE826B57478000EC3BB /* LaunchScreen.storyboard in Resources */,
				FA14FDE526B57478000EC3BB /* Assets.xcassets in Resources */,
				FA14FDE326B57477000EC3BB /* Main.storyboard in Resources */,
			);
			runOnlyForDeploymentPostprocessing = 0;
		};
/* End PBXResourcesBuildPhase section */

/* Begin PBXSourcesBuildPhase section */
		FA14FDD426B57477000EC3BB /* Sources */ = {
			isa = PBXSourcesBuildPhase;
			buildActionMask = 2147483647;
			files = (
				FA14FDF026B574A1000EC3BB /* CoinManager.swift in Sources */,
				FAF64E4926B5839100206F2C /* APIKey.swift in Sources */,
				FA14FDE026B57477000EC3BB /* ViewController.swift in Sources */,
				FA14FDDC26B57477000EC3BB /* AppDelegate.swift in Sources */,
				FA14FDF326B574D4000EC3BB /* APIData.swift in Sources */,
				FA14FDF526B574F8000EC3BB /* APIModel.swift in Sources */,
				FA14FDDE26B57477000EC3BB /* SceneDelegate.swift in Sources */,
			);
			runOnlyForDeploymentPostprocessing = 0;
		};
/* End PBXSourcesBuildPhase section */

/* Begin PBXVariantGroup section */
		FA14FDE126B57477000EC3BB /* Main.storyboard */ = {
			isa = PBXVariantGroup;
			children = (
				FA14FDE226B57477000EC3BB /* Base */,
			);
			name = Main.storyboard;
			sourceTree = "<group>";
		};
		FA14FDE626B57478000EC3BB /* LaunchScreen.storyboard */ = {
			isa = PBXVariantGroup;
			children = (
				FA14FDE726B57478000EC3BB /* Base */,
			);
			name = LaunchScreen.storyboard;
			sourceTree = "<group>";
		};
/* End PBXVariantGroup section */

/* Begin XCBuildConfiguration section */
		FA14FDEA26B57478000EC3BB /* Debug */ = {
			isa = XCBuildConfiguration;
			buildSettings = {
				ALWAYS_SEARCH_USER_PATHS = NO;
				CLANG_ANALYZER_NONNULL = YES;
				CLANG_ANALYZER_NUMBER_OBJECT_CONVERSION = YES_AGGRESSIVE;
				CLANG_CXX_LANGUAGE_STANDARD = "gnu++14";
				CLANG_CXX_LIBRARY = "libc++";
				CLANG_ENABLE_MODULES = YES;
				CLANG_ENABLE_OBJC_ARC = YES;
				CLANG_ENABLE_OBJC_WEAK = YES;
				CLANG_WARN_BLOCK_CAPTURE_AUTORELEASING = YES;
				CLANG_WARN_BOOL_CONVERSION = YES;
				CLANG_WARN_COMMA = YES;
				CLANG_WARN_CONSTANT_CONVERSION = YES;
				CLANG_WARN_DEPRECATED_OBJC_IMPLEMENTATIONS = YES;
				CLANG_WARN_DIRECT_OBJC_ISA_USAGE = YES_ERROR;
				CLANG_WARN_DOCUMENTATION_COMMENTS = YES;
				CLANG_WARN_EMPTY_BODY = YES;
				CLANG_WARN_ENUM_CONVERSION = YES;
				CLANG_WARN_INFINITE_RECURSION = YES;
				CLANG_WARN_INT_CONVERSION = YES;
				CLANG_WARN_NON_LITERAL_NULL_CONVERSION = YES;
				CLANG_WARN_OBJC_IMPLICIT_RETAIN_SELF = YES;
				CLANG_WARN_OBJC_LITERAL_CONVERSION = YES;
				CLANG_WARN_OBJC_ROOT_CLASS = YES_ERROR;
				CLANG_WARN_QUOTED_INCLUDE_IN_FRAMEWORK_HEADER = YES;
				CLANG_WARN_RANGE_LOOP_ANALYSIS = YES;
				CLANG_WARN_STRICT_PROTOTYPES = YES;
				CLANG_WARN_SUSPICIOUS_MOVE = YES;
				CLANG_WARN_UNGUARDED_AVAILABILITY = YES_AGGRESSIVE;
				CLANG_WARN_UNREACHABLE_CODE = YES;
				CLANG_WARN__DUPLICATE_METHOD_MATCH = YES;
				COPY_PHASE_STRIP = NO;
				DEBUG_INFORMATION_FORMAT = dwarf;
				ENABLE_STRICT_OBJC_MSGSEND = YES;
				ENABLE_TESTABILITY = YES;
				GCC_C_LANGUAGE_STANDARD = gnu11;
				GCC_DYNAMIC_NO_PIC = NO;
				GCC_NO_COMMON_BLOCKS = YES;
				GCC_OPTIMIZATION_LEVEL = 0;
				GCC_PREPROCESSOR_DEFINITIONS = (
					"DEBUG=1",
					"$(inherited)",
				);
				GCC_WARN_64_TO_32_BIT_CONVERSION = YES;
				GCC_WARN_ABOUT_RETURN_TYPE = YES_ERROR;
				GCC_WARN_UNDECLARED_SELECTOR = YES;
				GCC_WARN_UNINITIALIZED_AUTOS = YES_AGGRESSIVE;
				GCC_WARN_UNUSED_FUNCTION = YES;
				GCC_WARN_UNUSED_VARIABLE = YES;
				IPHONEOS_DEPLOYMENT_TARGET = 14.5;
				MTL_ENABLE_DEBUG_INFO = INCLUDE_SOURCE;
				MTL_FAST_MATH = YES;
				ONLY_ACTIVE_ARCH = YES;
				SDKROOT = iphoneos;
				SWIFT_ACTIVE_COMPILATION_CONDITIONS = DEBUG;
				SWIFT_OPTIMIZATION_LEVEL = "-Onone";
			};
			name = Debug;
		};
		FA14FDEB26B57478000EC3BB /* Release */ = {
			isa = XCBuildConfiguration;
			buildSettings = {
				ALWAYS_SEARCH_USER_PATHS = NO;
				CLANG_ANALYZER_NONNULL = YES;
				CLANG_ANALYZER_NUMBER_OBJECT_CONVERSION = YES_AGGRESSIVE;
				CLANG_CXX_LANGUAGE_STANDARD = "gnu++14";
				CLANG_CXX_LIBRARY = "libc++";
				CLANG_ENABLE_MODULES = YES;
				CLANG_ENABLE_OBJC_ARC = YES;
				CLANG_ENABLE_OBJC_WEAK = YES;
				CLANG_WARN_BLOCK_CAPTURE_AUTORELEASING = YES;
				CLANG_WARN_BOOL_CONVERSION = YES;
				CLANG_WARN_COMMA = YES;
				CLANG_WARN_CONSTANT_CONVERSION = YES;
				CLANG_WARN_DEPRECATED_OBJC_IMPLEMENTATIONS = YES;
				CLANG_WARN_DIRECT_OBJC_ISA_USAGE = YES_ERROR;
				CLANG_WARN_DOCUMENTATION_COMMENTS = YES;
				CLANG_WARN_EMPTY_BODY = YES;
				CLANG_WARN_ENUM_CONVERSION = YES;
				CLANG_WARN_INFINITE_RECURSION = YES;
				CLANG_WARN_INT_CONVERSION = YES;
				CLANG_WARN_NON_LITERAL_NULL_CONVERSION = YES;
				CLANG_WARN_OBJC_IMPLICIT_RETAIN_SELF = YES;
				CLANG_WARN_OBJC_LITERAL_CONVERSION = YES;
				CLANG_WARN_OBJC_ROOT_CLASS = YES_ERROR;
				CLANG_WARN_QUOTED_INCLUDE_IN_FRAMEWORK_HEADER = YES;
				CLANG_WARN_RANGE_LOOP_ANALYSIS = YES;
				CLANG_WARN_STRICT_PROTOTYPES = YES;
				CLANG_WARN_SUSPICIOUS_MOVE = YES;
				CLANG_WARN_UNGUARDED_AVAILABILITY = YES_AGGRESSIVE;
				CLANG_WARN_UNREACHABLE_CODE = YES;
				CLANG_WARN__DUPLICATE_METHOD_MATCH = YES;
				COPY_PHASE_STRIP = NO;
				DEBUG_INFORMATION_FORMAT = "dwarf-with-dsym";
				ENABLE_NS_ASSERTIONS = NO;
				ENABLE_STRICT_OBJC_MSGSEND = YES;
				GCC_C_LANGUAGE_STANDARD = gnu11;
				GCC_NO_COMMON_BLOCKS = YES;
				GCC_WARN_64_TO_32_BIT_CONVERSION = YES;
				GCC_WARN_ABOUT_RETURN_TYPE = YES_ERROR;
				GCC_WARN_UNDECLARED_SELECTOR = YES;
				GCC_WARN_UNINITIALIZED_AUTOS = YES_AGGRESSIVE;
				GCC_WARN_UNUSED_FUNCTION = YES;
				GCC_WARN_UNUSED_VARIABLE = YES;
				IPHONEOS_DEPLOYMENT_TARGET = 14.5;
				MTL_ENABLE_DEBUG_INFO = NO;
				MTL_FAST_MATH = YES;
				SDKROOT = iphoneos;
				SWIFT_COMPILATION_MODE = wholemodule;
				SWIFT_OPTIMIZATION_LEVEL = "-O";
				VALIDATE_PRODUCT = YES;
			};
			name = Release;
		};
		FA14FDED26B57478000EC3BB /* Debug */ = {
			isa = XCBuildConfiguration;
			buildSettings = {
				ASSETCATALOG_COMPILER_APPICON_NAME = AppIcon;
				ASSETCATALOG_COMPILER_GLOBAL_ACCENT_COLOR_NAME = AccentColor;
				CODE_SIGN_STYLE = Automatic;
				DEVELOPMENT_TEAM = 5V98Z8U43N;
				INFOPLIST_FILE = CryptoCoin/Info.plist;
				LD_RUNPATH_SEARCH_PATHS = (
					"$(inherited)",
					"@executable_path/Frameworks",
				);
				PRODUCT_BUNDLE_IDENTIFIER = "Manuel-Casocavallo.CryptoCoin";
				PRODUCT_NAME = "$(TARGET_NAME)";
				SWIFT_VERSION = 5.0;
				TARGETED_DEVICE_FAMILY = "1,2";
			};
			name = Debug;
		};
		FA14FDEE26B57478000EC3BB /* Release */ = {
			isa = XCBuildConfiguration;
			buildSettings = {
				ASSETCATALOG_COMPILER_APPICON_NAME = AppIcon;
				ASSETCATALOG_COMPILER_GLOBAL_ACCENT_COLOR_NAME = AccentColor;
				CODE_SIGN_STYLE = Automatic;
				DEVELOPMENT_TEAM = 5V98Z8U43N;
				INFOPLIST_FILE = CryptoCoin/Info.plist;
				LD_RUNPATH_SEARCH_PATHS = (
					"$(inherited)",
					"@executable_path/Frameworks",
				);
				PRODUCT_BUNDLE_IDENTIFIER = "Manuel-Casocavallo.CryptoCoin";
				PRODUCT_NAME = "$(TARGET_NAME)";
				SWIFT_VERSION = 5.0;
				TARGETED_DEVICE_FAMILY = "1,2";
			};
			name = Release;
		};
/* End XCBuildConfiguration section */

/* Begin XCConfigurationList section */
		FA14FDD326B57477000EC3BB /* Build configuration list for PBXProject "CryptoCoin" */ = {
			isa = XCConfigurationList;
			buildConfigurations = (
				FA14FDEA26B57478000EC3BB /* Debug */,
				FA14FDEB26B57478000EC3BB /* Release */,
			);
			defaultConfigurationIsVisible = 0;
			defaultConfigurationName = Release;
		};
		FA14FDEC26B57478000EC3BB /* Build configuration list for PBXNativeTarget "CryptoCoin" */ = {
			isa = XCConfigurationList;
			buildConfigurations = (
				FA14FDED26B57478000EC3BB /* Debug */,
				FA14FDEE26B57478000EC3BB /* Release */,
			);
			defaultConfigurationIsVisible = 0;
			defaultConfigurationName = Release;
		};
/* End XCConfigurationList section */
	};
	rootObject = FA14FDD026B57477000EC3BB /* Project object */;
}
